
Microsoft Visual Studio Solution File, Format Version 12.00
# Visual Studio Version 17
VisualStudioVersion = 17.13.35731.43
MinimumVisualStudioVersion = 10.0.40219.1
Project("{9A19103F-16F7-4668-BE54-9A1E7A4F7556}") = "AcunMedyaNisanOdev-4", "AcunMedyaNisanOdev-4\AcunMedyaNisanOdev-4.csproj", "{7AE2CA37-285B-437E-9182-04FF223C596F}"
EndProject
Project("{9A19103F-16F7-4668-BE54-9A1E7A4F7556}") = "Entities", "Entities\Entities.csproj", "{B4525CB8-6B2D-40D6-9916-1DC8A684A76E}"
EndProject
Project("{9A19103F-16F7-4668-BE54-9A1E7A4F7556}") = "Repositories", "Repositories\Repositories.csproj", "{3BE71E6F-8D81-4181-AD0A-03171F5DFDEF}"
EndProject
Project("{9A19103F-16F7-4668-BE54-9A1E7A4F7556}") = "Core", "Core\Core.csproj", "{4634278D-CE24-4A1D-A9A5-1FB690C6013D}"
EndProject
Project("{FAE04EC0-301F-11D3-BF4B-00C04F79EFBC}") = "Business", "Business\Business.csproj", "{3B07539C-8D66-424D-913E-208933DE30ED}"
EndProject
Global
	GlobalSection(SolutionConfigurationPlatforms) = preSolution
		Debug|Any CPU = Debug|Any CPU
		Release|Any CPU = Release|Any CPU
	EndGlobalSection
	GlobalSection(ProjectConfigurationPlatforms) = postSolution
		{7AE2CA37-285B-437E-9182-04FF223C596F}.Debug|Any CPU.ActiveCfg = Debug|Any CPU
		{7AE2CA37-285B-437E-9182-04FF223C596F}.Debug|Any CPU.Build.0 = Debug|Any CPU
		{7AE2CA37-285B-437E-9182-04FF223C596F}.Release|Any CPU.ActiveCfg = Release|Any CPU
		{7AE2CA37-285B-437E-9182-04FF223C596F}.Release|Any CPU.Build.0 = Release|Any CPU
		{B4525CB8-6B2D-40D6-9916-1DC8A684A76E}.Debug|Any CPU.ActiveCfg = Debug|Any CPU
		{B4525CB8-6B2D-40D6-9916-1DC8A684A76E}.Debug|Any CPU.Build.0 = Debug|Any CPU
		{B4525CB8-6B2D-40D6-9916-1DC8A684A76E}.Release|Any CPU.ActiveCfg = Release|Any CPU
		{B4525CB8-6B2D-40D6-9916-1DC8A684A76E}.Release|Any CPU.Build.0 = Release|Any CPU
		{3BE71E6F-8D81-4181-AD0A-03171F5DFDEF}.Debug|Any CPU.ActiveCfg = Debug|Any CPU
		{3BE71E6F-8D81-4181-AD0A-03171F5DFDEF}.Debug|Any CPU.Build.0 = Debug|Any CPU
		{3BE71E6F-8D81-4181-AD0A-03171F5DFDEF}.Release|Any CPU.ActiveCfg = Release|Any CPU
		{3BE71E6F-8D81-4181-AD0A-03171F5DFDEF}.Release|Any CPU.Build.0 = Release|Any CPU
		{4634278D-CE24-4A1D-A9A5-1FB690C6013D}.Debug|Any CPU.ActiveCfg = Debug|Any CPU
		{4634278D-CE24-4A1D-A9A5-1FB690C6013D}.Debug|Any CPU.Build.0 = Debug|Any CPU
		{4634278D-CE24-4A1D-A9A5-1FB690C6013D}.Release|Any CPU.ActiveCfg = Release|Any CPU
		{4634278D-CE24-4A1D-A9A5-1FB690C6013D}.Release|Any CPU.Build.0 = Release|Any CPU
		{3B07539C-8D66-424D-913E-208933DE30ED}.Debug|Any CPU.ActiveCfg = Debug|Any CPU
		{3B07539C-8D66-424D-913E-208933DE30ED}.Debug|Any CPU.Build.0 = Debug|Any CPU
		{3B07539C-8D66-424D-913E-208933DE30ED}.Release|Any CPU.ActiveCfg = Release|Any CPU
		{3B07539C-8D66-424D-913E-208933DE30ED}.Release|Any CPU.Build.0 = Release|Any CPU
	EndGlobalSection
	GlobalSection(SolutionProperties) = preSolution
		HideSolutionNode = FALSE
	EndGlobalSection
	GlobalSection(ExtensibilityGlobals) = postSolution
		SolutionGuid = {CD7250E0-8D8D-4432-B719-72AD434688AD}
	EndGlobalSection
EndGlobal
